{
  "name": "@anio-software/pkg.node-fs-resolve",
  "version": "0.0.0",
  "lockfileVersion": 3,
  "requires": true,
  "packages": {
    "": {
      "name": "@anio-software/pkg.node-fs-resolve",
      "version": "0.0.0",
      "license": "MIT",
      "devDependencies": {
        "@aniojs-private/node-async-sync-fs": "^0.3.0",
        "@aniojs/node-fs-path-type": "^1.0.4"
      }
    },
    "node_modules/@aniojs-private/node-async-sync-fs": {
      "version": "0.3.0",
      "resolved": "https://registry.npmjs.org/@aniojs-private/node-async-sync-fs/-/node-async-sync-fs-0.3.0.tgz",
      "integrity": "sha512-h8XYAEe4EhjInWRFdt59nUxN2B6LIVxRIwc+SFMysJvISSwVTp0XKXWE0E0KAm6TnBs74aXuLsA8fYmycZRU0A==",
      "dev": true,
      "license": "MIT",
      "engines": {
        "node": ">=22.7.x"
      },
      "peerDependencies": {
        "@types/node": ">=22.7.x"
      }
    },
    "node_modules/@aniojs/node-fs-path-type": {
      "version": "1.0.4",
      "resolved": "https://registry.npmjs.org/@aniojs/node-fs-path-type/-/node-fs-path-type-1.0.4.tgz",
      "integrity": "sha512-C6BALDLrLexCVmX2NVLFuz6td+VKnV7A8GNTSf/Tx79VYpRp7NepgXufJPW3fWkarppfLqA+Ft7DBrc2x7+Njg==",
      "dev": true,
      "license": "MIT",
      "engines": {
        "node": ">=22.7.x"
      },
      "peerDependencies": {
        "@types/node": ">=22.7.x"
      }
    },
    "node_modules/@types/node": {
      "version": "22.13.9",
      "resolved": "https://registry.npmjs.org/@types/node/-/node-22.13.9.tgz",
      "integrity": "sha512-acBjXdRJ3A6Pb3tqnw9HZmyR3Fiol3aGxRCK1x3d+6CDAMjl7I649wpSd+yNURCjbOUGu9tqtLKnTGxmK6CyGw==",
      "dev": true,
      "license": "MIT",
      "peer": true,
      "dependencies": {
        "undici-types": "~6.20.0"
      }
    },
    "node_modules/undici-types": {
      "version": "6.20.0",
      "resolved": "https://registry.npmjs.org/undici-types/-/undici-types-6.20.0.tgz",
      "integrity": "sha512-Ny6QZ2Nju20vw1SRHe3d9jVu6gJ+4e3+MMpqu7pqE5HT6WsTSlce++GQmK5UXS8mzV8DSYHrQH+Xrf2jVcuKNg==",
      "dev": true,
      "license": "MIT",
      "peer": true
    }
  }
}
